// !$*UTF8*$!
{
	archiveVersion = 1;
	classes = {
	};
	objectVersion = 77;
	objects = {

/* Begin PBXBuildFile section */
		184F0B0C2E9EA0C400434FFE /* Assets.xcassets in Resources */ = {isa = PBXBuildFile; fileRef = 184F0B042E9EA0C400434FFE /* Assets.xcassets */; };
		184F0B0E2E9EA0C400434FFE /* LaunchScreen.storyboard in Resources */ = {isa = PBXBuildFile; fileRef = 184F0B072E9EA0C400434FFE /* LaunchScreen.storyboard */; };
		184F0B0F2E9EA0C400434FFE /* Main.storyboard in Resources */ = {isa = PBXBuildFile; fileRef = 184F0B092E9EA0C400434FFE /* Main.storyboard */; };
		184F0B102E9EA0C400434FFE /* AppDelegate.swift in Sources */ = {isa = PBXBuildFile; fileRef = 184F0B012E9EA0C400434FFE /* AppDelegate.swift */; };
		184F0B112E9EA0C400434FFE /* SceneDelegate.swift in Sources */ = {isa = PBXBuildFile; fileRef = 184F0B022E9EA0C400434FFE /* SceneDelegate.swift */; };
		184F0B122E9EA0C400434FFE /* MainViewController.swift in Sources */ = {isa = PBXBuildFile; fileRef = 184F0B0A2E9EA0C400434FFE /* MainViewController.swift */; };
		184F0B152E9EA0C800434FFE /* CachingImagesTests.swift in Sources */ = {isa = PBXBuildFile; fileRef = 184F0B132E9EA0C800434FFE /* CachingImagesTests.swift */; };
		184F0B192E9EA0CA00434FFE /* CachingImagesUITests.swift in Sources */ = {isa = PBXBuildFile; fileRef = 184F0B162E9EA0CA00434FFE /* CachingImagesUITests.swift */; };
		184F0B1A2E9EA0CA00434FFE /* CachingImagesUITestsLaunchTests.swift in Sources */ = {isa = PBXBuildFile; fileRef = 184F0B172E9EA0CA00434FFE /* CachingImagesUITestsLaunchTests.swift */; };
		184F0B292E9EA46A00434FFE /* Utility.swift in Sources */ = {isa = PBXBuildFile; fileRef = 184F0B282E9EA46600434FFE /* Utility.swift */; };
		184F0B302E9EA52700434FFE /* ListImagesRepositories.swift in Sources */ = {isa = PBXBuildFile; fileRef = 184F0B2F2E9EA51B00434FFE /* ListImagesRepositories.swift */; };
		184F0B342E9EA56A00434FFE /* ListImagesDTO.swift in Sources */ = {isa = PBXBuildFile; fileRef = 184F0B332E9EA56300434FFE /* ListImagesDTO.swift */; };
		184F0B362E9EA59F00434FFE /* ListImages.storyboard in Resources */ = {isa = PBXBuildFile; fileRef = 184F0B352E9EA59F00434FFE /* ListImages.storyboard */; };
		184F0B392E9EA5BE00434FFE /* ListImagesViewController.swift in Sources */ = {isa = PBXBuildFile; fileRef = 184F0B382E9EA5BE00434FFE /* ListImagesViewController.swift */; };
		184F0B3C2E9EA5FB00434FFE /* ListImagesViewModel.swift in Sources */ = {isa = PBXBuildFile; fileRef = 184F0B3B2E9EA5F500434FFE /* ListImagesViewModel.swift */; };
		184F0B3F2E9EA78900434FFE /* UIApplication+Extenstion.swift in Sources */ = {isa = PBXBuildFile; fileRef = 184F0B3E2E9EA77E00434FFE /* UIApplication+Extenstion.swift */; };
		184F0B412E9EA84700434FFE /* StringConstants.swift in Sources */ = {isa = PBXBuildFile; fileRef = 184F0B402E9EA84200434FFE /* StringConstants.swift */; };
		184F0B432E9EA85900434FFE /* StoryBoardConstants.swift in Sources */ = {isa = PBXBuildFile; fileRef = 184F0B422E9EA85000434FFE /* StoryBoardConstants.swift */; };
		184F0B452E9EAAB500434FFE /* MainNavigationController.swift in Sources */ = {isa = PBXBuildFile; fileRef = 184F0B442E9EAAAB00434FFE /* MainNavigationController.swift */; };
		184F0B472E9EAB4700434FFE /* ViewControllerConstants.swift in Sources */ = {isa = PBXBuildFile; fileRef = 184F0B462E9EAB3F00434FFE /* ViewControllerConstants.swift */; };
		184F0B4E2E9EB2E300434FFE /* ListImagesItemTableViewCell.xib in Resources */ = {isa = PBXBuildFile; fileRef = 184F0B4D2E9EB2E300434FFE /* ListImagesItemTableViewCell.xib */; };
		184F0B4F2E9EB2E300434FFE /* ListImagesItemTableViewCell.swift in Sources */ = {isa = PBXBuildFile; fileRef = 184F0B4C2E9EB2E300434FFE /* ListImagesItemTableViewCell.swift */; };
/* End PBXBuildFile section */

/* Begin PBXContainerItemProxy section */
		184F0AE22E9E9E3800434FFE /* PBXContainerItemProxy */ = {
			isa = PBXContainerItemProxy;
			containerPortal = 184F0AC32E9E9E3700434FFE /* Project object */;
			proxyType = 1;
			remoteGlobalIDString = 184F0ACA2E9E9E3700434FFE;
			remoteInfo = CachingImages;
		};
		184F0AEC2E9E9E3900434FFE /* PBXContainerItemProxy */ = {
			isa = PBXContainerItemProxy;
			containerPortal = 184F0AC32E9E9E3700434FFE /* Project object */;
			proxyType = 1;
			remoteGlobalIDString = 184F0ACA2E9E9E3700434FFE;
			remoteInfo = CachingImages;
		};
/* End PBXContainerItemProxy section */

/* Begin PBXFileReference section */
		184F0ACB2E9E9E3700434FFE /* CachingImages.app */ = {isa = PBXFileReference; explicitFileType = wrapper.application; includeInIndex = 0; path = CachingImages.app; sourceTree = BUILT_PRODUCTS_DIR; };
		184F0AE12E9E9E3800434FFE /* CachingImagesTests.xctest */ = {isa = PBXFileReference; explicitFileType = wrapper.cfbundle; includeInIndex = 0; path = CachingImagesTests.xctest; sourceTree = BUILT_PRODUCTS_DIR; };
		184F0AEB2E9E9E3900434FFE /* CachingImagesUITests.xctest */ = {isa = PBXFileReference; explicitFileType = wrapper.cfbundle; includeInIndex = 0; path = CachingImagesUITests.xctest; sourceTree = BUILT_PRODUCTS_DIR; };
		184F0B012E9EA0C400434FFE /* AppDelegate.swift */ = {isa = PBXFileReference; lastKnownFileType = sourcecode.swift; path = AppDelegate.swift; sourceTree = "<group>"; };
		184F0B022E9EA0C400434FFE /* SceneDelegate.swift */ = {isa = PBXFileReference; lastKnownFileType = sourcecode.swift; path = SceneDelegate.swift; sourceTree = "<group>"; };
		184F0B042E9EA0C400434FFE /* Assets.xcassets */ = {isa = PBXFileReference; lastKnownFileType = folder.assetcatalog; path = Assets.xcassets; sourceTree = "<group>"; };
		184F0B052E9EA0C400434FFE /* Info.plist */ = {isa = PBXFileReference; lastKnownFileType = text.plist.xml; path = Info.plist; sourceTree = "<group>"; };
		184F0B062E9EA0C400434FFE /* Base */ = {isa = PBXFileReference; lastKnownFileType = file.storyboard; name = Base; path = Base.lproj/LaunchScreen.storyboard; sourceTree = "<group>"; };
		184F0B082E9EA0C400434FFE /* Base */ = {isa = PBXFileReference; lastKnownFileType = file.storyboard; name = Base; path = Base.lproj/Main.storyboard; sourceTree = "<group>"; };
		184F0B0A2E9EA0C400434FFE /* MainViewController.swift */ = {isa = PBXFileReference; lastKnownFileType = sourcecode.swift; path = MainViewController.swift; sourceTree = "<group>"; };
		184F0B132E9EA0C800434FFE /* CachingImagesTests.swift */ = {isa = PBXFileReference; lastKnownFileType = sourcecode.swift; path = CachingImagesTests.swift; sourceTree = "<group>"; };
		184F0B162E9EA0CA00434FFE /* CachingImagesUITests.swift */ = {isa = PBXFileReference; lastKnownFileType = sourcecode.swift; path = CachingImagesUITests.swift; sourceTree = "<group>"; };
		184F0B172E9EA0CA00434FFE /* CachingImagesUITestsLaunchTests.swift */ = {isa = PBXFileReference; lastKnownFileType = sourcecode.swift; path = CachingImagesUITestsLaunchTests.swift; sourceTree = "<group>"; };
		184F0B282E9EA46600434FFE /* Utility.swift */ = {isa = PBXFileReference; lastKnownFileType = sourcecode.swift; path = Utility.swift; sourceTree = "<group>"; };
		184F0B2F2E9EA51B00434FFE /* ListImagesRepositories.swift */ = {isa = PBXFileReference; lastKnownFileType = sourcecode.swift; path = ListImagesRepositories.swift; sourceTree = "<group>"; };
		184F0B332E9EA56300434FFE /* ListImagesDTO.swift */ = {isa = PBXFileReference; lastKnownFileType = sourcecode.swift; path = ListImagesDTO.swift; sourceTree = "<group>"; };
		184F0B352E9EA59F00434FFE /* ListImages.storyboard */ = {isa = PBXFileReference; lastKnownFileType = file.storyboard; path = ListImages.storyboard; sourceTree = "<group>"; };
		184F0B382E9EA5BE00434FFE /* ListImagesViewController.swift */ = {isa = PBXFileReference; lastKnownFileType = sourcecode.swift; path = ListImagesViewController.swift; sourceTree = "<group>"; };
		184F0B3B2E9EA5F500434FFE /* ListImagesViewModel.swift */ = {isa = PBXFileReference; lastKnownFileType = sourcecode.swift; path = ListImagesViewModel.swift; sourceTree = "<group>"; };
		184F0B3E2E9EA77E00434FFE /* UIApplication+Extenstion.swift */ = {isa = PBXFileReference; lastKnownFileType = sourcecode.swift; path = "UIApplication+Extenstion.swift"; sourceTree = "<group>"; };
		184F0B402E9EA84200434FFE /* StringConstants.swift */ = {isa = PBXFileReference; lastKnownFileType = sourcecode.swift; path = StringConstants.swift; sourceTree = "<group>"; };
		184F0B422E9EA85000434FFE /* StoryBoardConstants.swift */ = {isa = PBXFileReference; lastKnownFileType = sourcecode.swift; path = StoryBoardConstants.swift; sourceTree = "<group>"; };
		184F0B442E9EAAAB00434FFE /* MainNavigationController.swift */ = {isa = PBXFileReference; lastKnownFileType = sourcecode.swift; path = MainNavigationController.swift; sourceTree = "<group>"; };
		184F0B462E9EAB3F00434FFE /* ViewControllerConstants.swift */ = {isa = PBXFileReference; lastKnownFileType = sourcecode.swift; path = ViewControllerConstants.swift; sourceTree = "<group>"; };
		184F0B4C2E9EB2E300434FFE /* ListImagesItemTableViewCell.swift */ = {isa = PBXFileReference; lastKnownFileType = sourcecode.swift; path = ListImagesItemTableViewCell.swift; sourceTree = "<group>"; };
		184F0B4D2E9EB2E300434FFE /* ListImagesItemTableViewCell.xib */ = {isa = PBXFileReference; lastKnownFileType = file.xib; path = ListImagesItemTableViewCell.xib; sourceTree = "<group>"; };
/* End PBXFileReference section */

/* Begin PBXFrameworksBuildPhase section */
		184F0AC82E9E9E3700434FFE /* Frameworks */ = {
			isa = PBXFrameworksBuildPhase;
			buildActionMask = 2147483647;
			files = (
			);
			runOnlyForDeploymentPostprocessing = 0;
		};
		184F0ADE2E9E9E3800434FFE /* Frameworks */ = {
			isa = PBXFrameworksBuildPhase;
			buildActionMask = 2147483647;
			files = (
			);
			runOnlyForDeploymentPostprocessing = 0;
		};
		184F0AE82E9E9E3900434FFE /* Frameworks */ = {
			isa = PBXFrameworksBuildPhase;
			buildActionMask = 2147483647;
			files = (
			);
			runOnlyForDeploymentPostprocessing = 0;
		};
/* End PBXFrameworksBuildPhase section */

/* Begin PBXGroup section */
		184F0AC22E9E9E3700434FFE = {
			isa = PBXGroup;
			children = (
				184F0B0B2E9EA0C400434FFE /* CachingImages */,
				184F0B142E9EA0C800434FFE /* CachingImagesTests */,
				184F0B182E9EA0CA00434FFE /* CachingImagesUITests */,
				184F0ACC2E9E9E3700434FFE /* Products */,
			);
			sourceTree = "<group>";
		};
		184F0ACC2E9E9E3700434FFE /* Products */ = {
			isa = PBXGroup;
			children = (
				184F0ACB2E9E9E3700434FFE /* CachingImages.app */,
				184F0AE12E9E9E3800434FFE /* CachingImagesTests.xctest */,
				184F0AEB2E9E9E3900434FFE /* CachingImagesUITests.xctest */,
			);
			name = Products;
			sourceTree = "<group>";
		};
		184F0B032E9EA0C400434FFE /* Application */ = {
			isa = PBXGroup;
			children = (
				184F0B012E9EA0C400434FFE /* AppDelegate.swift */,
				184F0B022E9EA0C400434FFE /* SceneDelegate.swift */,
				184F0B442E9EAAAB00434FFE /* MainNavigationController.swift */,
				184F0B072E9EA0C400434FFE /* LaunchScreen.storyboard */,
			);
			path = Application;
			sourceTree = "<group>";
		};
		184F0B0B2E9EA0C400434FFE /* CachingImages */ = {
			isa = PBXGroup;
			children = (
				184F0B032E9EA0C400434FFE /* Application */,
				184F0B1B2E9EA0D900434FFE /* Presentation */,
				184F0B1C2E9EA12300434FFE /* Domain */,
				184F0B1D2E9EA12B00434FFE /* Data */,
				184F0B272E9EA3A000434FFE /* Infrastructure */,
				184F0B1E2E9EA13000434FFE /* Extensions */,
				184F0B1F2E9EA15800434FFE /* Common */,
				184F0B042E9EA0C400434FFE /* Assets.xcassets */,
				184F0B052E9EA0C400434FFE /* Info.plist */,
			);
			path = CachingImages;
			sourceTree = "<group>";
		};
		184F0B142E9EA0C800434FFE /* CachingImagesTests */ = {
			isa = PBXGroup;
			children = (
				184F0B132E9EA0C800434FFE /* CachingImagesTests.swift */,
			);
			path = CachingImagesTests;
			sourceTree = "<group>";
		};
		184F0B182E9EA0CA00434FFE /* CachingImagesUITests */ = {
			isa = PBXGroup;
			children = (
				184F0B162E9EA0CA00434FFE /* CachingImagesUITests.swift */,
				184F0B172E9EA0CA00434FFE /* CachingImagesUITestsLaunchTests.swift */,
			);
			path = CachingImagesUITests;
			sourceTree = "<group>";
		};
		184F0B1B2E9EA0D900434FFE /* Presentation */ = {
			isa = PBXGroup;
			children = (
				184F0B2E2E9EA50200434FFE /* ListImages */,
				184F0B202E9EA18D00434FFE /* Main */,
			);
			path = Presentation;
			sourceTree = "<group>";
		};
		184F0B1C2E9EA12300434FFE /* Domain */ = {
			isa = PBXGroup;
			children = (
				184F0B312E9EA54E00434FFE /* Entities */,
			);
			path = Domain;
			sourceTree = "<group>";
		};
		184F0B1D2E9EA12B00434FFE /* Data */ = {
			isa = PBXGroup;
			children = (
				184F0B2A2E9EA4CE00434FFE /* Repositories */,
			);
			path = Data;
			sourceTree = "<group>";
		};
		184F0B1E2E9EA13000434FFE /* Extensions */ = {
			isa = PBXGroup;
			children = (
				184F0B3E2E9EA77E00434FFE /* UIApplication+Extenstion.swift */,
			);
			path = Extensions;
			sourceTree = "<group>";
		};
		184F0B1F2E9EA15800434FFE /* Common */ = {
			isa = PBXGroup;
			children = (
				184F0B462E9EAB3F00434FFE /* ViewControllerConstants.swift */,
				184F0B422E9EA85000434FFE /* StoryBoardConstants.swift */,
				184F0B402E9EA84200434FFE /* StringConstants.swift */,
				184F0B282E9EA46600434FFE /* Utility.swift */,
			);
			path = Common;
			sourceTree = "<group>";
		};
		184F0B202E9EA18D00434FFE /* Main */ = {
			isa = PBXGroup;
			children = (
				184F0B212E9EA1B800434FFE /* View */,
				184F0B092E9EA0C400434FFE /* Main.storyboard */,
			);
			path = Main;
			sourceTree = "<group>";
		};
		184F0B212E9EA1B800434FFE /* View */ = {
			isa = PBXGroup;
			children = (
				184F0B0A2E9EA0C400434FFE /* MainViewController.swift */,
			);
			path = View;
			sourceTree = "<group>";
		};
		184F0B272E9EA3A000434FFE /* Infrastructure */ = {
			isa = PBXGroup;
			children = (
			);
			path = Infrastructure;
			sourceTree = "<group>";
		};
		184F0B2A2E9EA4CE00434FFE /* Repositories */ = {
			isa = PBXGroup;
			children = (
				184F0B2D2E9EA4EE00434FFE /* ListImages */,
			);
			path = Repositories;
			sourceTree = "<group>";
		};
		184F0B2D2E9EA4EE00434FFE /* ListImages */ = {
			isa = PBXGroup;
			children = (
				184F0B2F2E9EA51B00434FFE /* ListImagesRepositories.swift */,
			);
			path = ListImages;
			sourceTree = "<group>";
		};
		184F0B2E2E9EA50200434FFE /* ListImages */ = {
			isa = PBXGroup;
			children = (
				184F0B3A2E9EA5EB00434FFE /* ViewModel */,
				184F0B372E9EA5A800434FFE /* View */,
				184F0B352E9EA59F00434FFE /* ListImages.storyboard */,
			);
			path = ListImages;
			sourceTree = "<group>";
		};
		184F0B312E9EA54E00434FFE /* Entities */ = {
			isa = PBXGroup;
			children = (
				184F0B322E9EA55800434FFE /* ListImagesDTO */,
			);
			path = Entities;
			sourceTree = "<group>";
		};
		184F0B322E9EA55800434FFE /* ListImagesDTO */ = {
			isa = PBXGroup;
			children = (
				184F0B332E9EA56300434FFE /* ListImagesDTO.swift */,
			);
			path = ListImagesDTO;
			sourceTree = "<group>";
		};
		184F0B372E9EA5A800434FFE /* View */ = {
			isa = PBXGroup;
			children = (
				184F0B3D2E9EA60A00434FFE /* CustomCell */,
				184F0B382E9EA5BE00434FFE /* ListImagesViewController.swift */,
			);
			path = View;
			sourceTree = "<group>";
		};
		184F0B3A2E9EA5EB00434FFE /* ViewModel */ = {
			isa = PBXGroup;
			children = (
				184F0B3B2E9EA5F500434FFE /* ListImagesViewModel.swift */,
			);
			path = ViewModel;
			sourceTree = "<group>";
		};
		184F0B3D2E9EA60A00434FFE /* CustomCell */ = {
			isa = PBXGroup;
			children = (
				184F0B4C2E9EB2E300434FFE /* ListImagesItemTableViewCell.swift */,
				184F0B4D2E9EB2E300434FFE /* ListImagesItemTableViewCell.xib */,
			);
			path = CustomCell;
			sourceTree = "<group>";
		};
/* End PBXGroup section */

/* Begin PBXNativeTarget section */
		184F0ACA2E9E9E3700434FFE /* CachingImages */ = {
			isa = PBXNativeTarget;
			buildConfigurationList = 184F0AF42E9E9E3900434FFE /* Build configuration list for PBXNativeTarget "CachingImages" */;
			buildPhases = (
				184F0AC72E9E9E3700434FFE /* Sources */,
				184F0AC82E9E9E3700434FFE /* Frameworks */,
				184F0AC92E9E9E3700434FFE /* Resources */,
			);
			buildRules = (
			);
			dependencies = (
			);
			name = CachingImages;
			packageProductDependencies = (
			);
			productName = CachingImages;
			productReference = 184F0ACB2E9E9E3700434FFE /* CachingImages.app */;
			productType = "com.apple.product-type.application";
		};
		184F0AE02E9E9E3800434FFE /* CachingImagesTests */ = {
			isa = PBXNativeTarget;
			buildConfigurationList = 184F0AF92E9E9E3900434FFE /* Build configuration list for PBXNativeTarget "CachingImagesTests" */;
			buildPhases = (
				184F0ADD2E9E9E3800434FFE /* Sources */,
				184F0ADE2E9E9E3800434FFE /* Frameworks */,
				184F0ADF2E9E9E3800434FFE /* Resources */,
			);
			buildRules = (
			);
			dependencies = (
				184F0AE32E9E9E3800434FFE /* PBXTargetDependency */,
			);
			name = CachingImagesTests;
			packageProductDependencies = (
			);
			productName = CachingImagesTests;
			productReference = 184F0AE12E9E9E3800434FFE /* CachingImagesTests.xctest */;
			productType = "com.apple.product-type.bundle.unit-test";
		};
		184F0AEA2E9E9E3900434FFE /* CachingImagesUITests */ = {
			isa = PBXNativeTarget;
			buildConfigurationList = 184F0AFC2E9E9E3900434FFE /* Build configuration list for PBXNativeTarget "CachingImagesUITests" */;
			buildPhases = (
				184F0AE72E9E9E3900434FFE /* Sources */,
				184F0AE82E9E9E3900434FFE /* Frameworks */,
				184F0AE92E9E9E3900434FFE /* Resources */,
			);
			buildRules = (
			);
			dependencies = (
				184F0AED2E9E9E3900434FFE /* PBXTargetDependency */,
			);
			name = CachingImagesUITests;
			packageProductDependencies = (
			);
			productName = CachingImagesUITests;
			productReference = 184F0AEB2E9E9E3900434FFE /* CachingImagesUITests.xctest */;
			productType = "com.apple.product-type.bundle.ui-testing";
		};
/* End PBXNativeTarget section */

/* Begin PBXProject section */
		184F0AC32E9E9E3700434FFE /* Project object */ = {
			isa = PBXProject;
			attributes = {
				BuildIndependentTargetsInParallel = 1;
				LastSwiftUpdateCheck = 2600;
				LastUpgradeCheck = 2600;
				TargetAttributes = {
					184F0ACA2E9E9E3700434FFE = {
						CreatedOnToolsVersion = 26.0.1;
					};
					184F0AE02E9E9E3800434FFE = {
						CreatedOnToolsVersion = 26.0.1;
						TestTargetID = 184F0ACA2E9E9E3700434FFE;
					};
					184F0AEA2E9E9E3900434FFE = {
						CreatedOnToolsVersion = 26.0.1;
						TestTargetID = 184F0ACA2E9E9E3700434FFE;
					};
				};
			};
			buildConfigurationList = 184F0AC62E9E9E3700434FFE /* Build configuration list for PBXProject "CachingImages" */;
			developmentRegion = en;
			hasScannedForEncodings = 0;
			knownRegions = (
				en,
				Base,
			);
			mainGroup = 184F0AC22E9E9E3700434FFE;
			minimizedProjectReferenceProxies = 1;
			preferredProjectObjectVersion = 77;
			productRefGroup = 184F0ACC2E9E9E3700434FFE /* Products */;
			projectDirPath = "";
			projectRoot = "";
			targets = (
				184F0ACA2E9E9E3700434FFE /* CachingImages */,
				184F0AE02E9E9E3800434FFE /* CachingImagesTests */,
				184F0AEA2E9E9E3900434FFE /* CachingImagesUITests */,
			);
		};
/* End PBXProject section */

/* Begin PBXResourcesBuildPhase section */
		184F0AC92E9E9E3700434FFE /* Resources */ = {
			isa = PBXResourcesBuildPhase;
			buildActionMask = 2147483647;
			files = (
				184F0B0C2E9EA0C400434FFE /* Assets.xcassets in Resources */,
				184F0B0E2E9EA0C400434FFE /* LaunchScreen.storyboard in Resources */,
				184F0B362E9EA59F00434FFE /* ListImages.storyboard in Resources */,
				184F0B4E2E9EB2E300434FFE /* ListImagesItemTableViewCell.xib in Resources */,
				184F0B0F2E9EA0C400434FFE /* Main.storyboard in Resources */,
			);
			runOnlyForDeploymentPostprocessing = 0;
		};
		184F0ADF2E9E9E3800434FFE /* Resources */ = {
			isa = PBXResourcesBuildPhase;
			buildActionMask = 2147483647;
			files = (
			);
			runOnlyForDeploymentPostprocessing = 0;
		};
		184F0AE92E9E9E3900434FFE /* Resources */ = {
			isa = PBXResourcesBuildPhase;
			buildActionMask = 2147483647;
			files = (
			);
			runOnlyForDeploymentPostprocessing = 0;
		};
/* End PBXResourcesBuildPhase section */

/* Begin PBXSourcesBuildPhase section */
		184F0AC72E9E9E3700434FFE /* Sources */ = {
			isa = PBXSourcesBuildPhase;
			buildActionMask = 2147483647;
			files = (
				184F0B472E9EAB4700434FFE /* ViewControllerConstants.swift in Sources */,
				184F0B292E9EA46A00434FFE /* Utility.swift in Sources */,
				184F0B392E9EA5BE00434FFE /* ListImagesViewController.swift in Sources */,
				184F0B3C2E9EA5FB00434FFE /* ListImagesViewModel.swift in Sources */,
				184F0B432E9EA85900434FFE /* StoryBoardConstants.swift in Sources */,
				184F0B102E9EA0C400434FFE /* AppDelegate.swift in Sources */,
				184F0B302E9EA52700434FFE /* ListImagesRepositories.swift in Sources */,
				184F0B452E9EAAB500434FFE /* MainNavigationController.swift in Sources */,
				184F0B112E9EA0C400434FFE /* SceneDelegate.swift in Sources */,
				184F0B122E9EA0C400434FFE /* MainViewController.swift in Sources */,
				184F0B342E9EA56A00434FFE /* ListImagesDTO.swift in Sources */,
				184F0B412E9EA84700434FFE /* StringConstants.swift in Sources */,
				184F0B4F2E9EB2E300434FFE /* ListImagesItemTableViewCell.swift in Sources */,
				184F0B3F2E9EA78900434FFE /* UIApplication+Extenstion.swift in Sources */,
			);
			runOnlyForDeploymentPostprocessing = 0;
		};
		184F0ADD2E9E9E3800434FFE /* Sources */ = {
			isa = PBXSourcesBuildPhase;
			buildActionMask = 2147483647;
			files = (
				184F0B152E9EA0C800434FFE /* CachingImagesTests.swift in Sources */,
			);
			runOnlyForDeploymentPostprocessing = 0;
		};
		184F0AE72E9E9E3900434FFE /* Sources */ = {
			isa = PBXSourcesBuildPhase;
			buildActionMask = 2147483647;
			files = (
				184F0B192E9EA0CA00434FFE /* CachingImagesUITests.swift in Sources */,
				184F0B1A2E9EA0CA00434FFE /* CachingImagesUITestsLaunchTests.swift in Sources */,
			);
			runOnlyForDeploymentPostprocessing = 0;
		};
/* End PBXSourcesBuildPhase section */

/* Begin PBXTargetDependency section */
		184F0AE32E9E9E3800434FFE /* PBXTargetDependency */ = {
			isa = PBXTargetDependency;
			target = 184F0ACA2E9E9E3700434FFE /* CachingImages */;
			targetProxy = 184F0AE22E9E9E3800434FFE /* PBXContainerItemProxy */;
		};
		184F0AED2E9E9E3900434FFE /* PBXTargetDependency */ = {
			isa = PBXTargetDependency;
			target = 184F0ACA2E9E9E3700434FFE /* CachingImages */;
			targetProxy = 184F0AEC2E9E9E3900434FFE /* PBXContainerItemProxy */;
		};
/* End PBXTargetDependency section */

/* Begin PBXVariantGroup section */
		184F0B072E9EA0C400434FFE /* LaunchScreen.storyboard */ = {
			isa = PBXVariantGroup;
			children = (
				184F0B062E9EA0C400434FFE /* Base */,
			);
			name = LaunchScreen.storyboard;
			sourceTree = "<group>";
		};
		184F0B092E9EA0C400434FFE /* Main.storyboard */ = {
			isa = PBXVariantGroup;
			children = (
				184F0B082E9EA0C400434FFE /* Base */,
			);
			name = Main.storyboard;
			sourceTree = "<group>";
		};
/* End PBXVariantGroup section */

/* Begin XCBuildConfiguration section */
		184F0AF52E9E9E3900434FFE /* Debug */ = {
			isa = XCBuildConfiguration;
			buildSettings = {
				ASSETCATALOG_COMPILER_APPICON_NAME = AppIcon;
				ASSETCATALOG_COMPILER_GLOBAL_ACCENT_COLOR_NAME = AccentColor;
				CODE_SIGN_STYLE = Automatic;
				CURRENT_PROJECT_VERSION = 1;
				DEVELOPMENT_TEAM = 6B7GW4PUWP;
				GENERATE_INFOPLIST_FILE = YES;
				INFOPLIST_FILE = CachingImages/Info.plist;
				INFOPLIST_KEY_UIApplicationSupportsIndirectInputEvents = YES;
				INFOPLIST_KEY_UILaunchStoryboardName = LaunchScreen;
				INFOPLIST_KEY_UIMainStoryboardFile = Main;
				INFOPLIST_KEY_UISupportedInterfaceOrientations_iPad = "UIInterfaceOrientationPortrait UIInterfaceOrientationPortraitUpsideDown UIInterfaceOrientationLandscapeLeft UIInterfaceOrientationLandscapeRight";
				INFOPLIST_KEY_UISupportedInterfaceOrientations_iPhone = "UIInterfaceOrientationPortrait UIInterfaceOrientationLandscapeLeft UIInterfaceOrientationLandscapeRight";
				IPHONEOS_DEPLOYMENT_TARGET = 14.0;
				LD_RUNPATH_SEARCH_PATHS = (
					"$(inherited)",
					"@executable_path/Frameworks",
				);
				MARKETING_VERSION = 1.0;
				PRODUCT_BUNDLE_IDENTIFIER = com.trung.nguyenq.CachingImages;
				PRODUCT_NAME = "$(TARGET_NAME)";
				STRING_CATALOG_GENERATE_SYMBOLS = YES;
				SWIFT_APPROACHABLE_CONCURRENCY = YES;
				SWIFT_DEFAULT_ACTOR_ISOLATION = MainActor;
				SWIFT_EMIT_LOC_STRINGS = YES;
				SWIFT_UPCOMING_FEATURE_MEMBER_IMPORT_VISIBILITY = YES;
				SWIFT_VERSION = 5.0;
				TARGETED_DEVICE_FAMILY = "1,2";
			};
			name = Debug;
		};
		184F0AF62E9E9E3900434FFE /* Release */ = {
			isa = XCBuildConfiguration;
			buildSettings = {
				ASSETCATALOG_COMPILER_APPICON_NAME = AppIcon;
				ASSETCATALOG_COMPILER_GLOBAL_ACCENT_COLOR_NAME = AccentColor;
				CODE_SIGN_STYLE = Automatic;
				CURRENT_PROJECT_VERSION = 1;
				DEVELOPMENT_TEAM = 6B7GW4PUWP;
				GENERATE_INFOPLIST_FILE = YES;
				INFOPLIST_FILE = CachingImages/Info.plist;
				INFOPLIST_KEY_UIApplicationSupportsIndirectInputEvents = YES;
				INFOPLIST_KEY_UILaunchStoryboardName = LaunchScreen;
				INFOPLIST_KEY_UIMainStoryboardFile = Main;
				INFOPLIST_KEY_UISupportedInterfaceOrientations_iPad = "UIInterfaceOrientationPortrait UIInterfaceOrientationPortraitUpsideDown UIInterfaceOrientationLandscapeLeft UIInterfaceOrientationLandscapeRight";
				INFOPLIST_KEY_UISupportedInterfaceOrientations_iPhone = "UIInterfaceOrientationPortrait UIInterfaceOrientationLandscapeLeft UIInterfaceOrientationLandscapeRight";
				IPHONEOS_DEPLOYMENT_TARGET = 14.0;
				LD_RUNPATH_SEARCH_PATHS = (
					"$(inherited)",
					"@executable_path/Frameworks",
				);
				MARKETING_VERSION = 1.0;
				PRODUCT_BUNDLE_IDENTIFIER = com.trung.nguyenq.CachingImages;
				PRODUCT_NAME = "$(TARGET_NAME)";
				STRING_CATALOG_GENERATE_SYMBOLS = YES;
				SWIFT_APPROACHABLE_CONCURRENCY = YES;
				SWIFT_DEFAULT_ACTOR_ISOLATION = MainActor;
				SWIFT_EMIT_LOC_STRINGS = YES;
				SWIFT_UPCOMING_FEATURE_MEMBER_IMPORT_VISIBILITY = YES;
				SWIFT_VERSION = 5.0;
				TARGETED_DEVICE_FAMILY = "1,2";
			};
			name = Release;
		};
		184F0AF72E9E9E3900434FFE /* Debug */ = {
			isa = XCBuildConfiguration;
			buildSettings = {
				ALWAYS_SEARCH_USER_PATHS = NO;
				ASSETCATALOG_COMPILER_GENERATE_SWIFT_ASSET_SYMBOL_EXTENSIONS = YES;
				CLANG_ANALYZER_NONNULL = YES;
				CLANG_ANALYZER_NUMBER_OBJECT_CONVERSION = YES_AGGRESSIVE;
				CLANG_CXX_LANGUAGE_STANDARD = "gnu++20";
				CLANG_ENABLE_MODULES = YES;
				CLANG_ENABLE_OBJC_ARC = YES;
				CLANG_ENABLE_OBJC_WEAK = YES;
				CLANG_WARN_BLOCK_CAPTURE_AUTORELEASING = YES;
				CLANG_WARN_BOOL_CONVERSION = YES;
				CLANG_WARN_COMMA = YES;
				CLANG_WARN_CONSTANT_CONVERSION = YES;
				CLANG_WARN_DEPRECATED_OBJC_IMPLEMENTATIONS = YES;
				CLANG_WARN_DIRECT_OBJC_ISA_USAGE = YES_ERROR;
				CLANG_WARN_DOCUMENTATION_COMMENTS = YES;
				CLANG_WARN_EMPTY_BODY = YES;
				CLANG_WARN_ENUM_CONVERSION = YES;
				CLANG_WARN_INFINITE_RECURSION = YES;
				CLANG_WARN_INT_CONVERSION = YES;
				CLANG_WARN_NON_LITERAL_NULL_CONVERSION = YES;
				CLANG_WARN_OBJC_IMPLICIT_RETAIN_SELF = YES;
				CLANG_WARN_OBJC_LITERAL_CONVERSION = YES;
				CLANG_WARN_OBJC_ROOT_CLASS = YES_ERROR;
				CLANG_WARN_QUOTED_INCLUDE_IN_FRAMEWORK_HEADER = YES;
				CLANG_WARN_RANGE_LOOP_ANALYSIS = YES;
				CLANG_WARN_STRICT_PROTOTYPES = YES;
				CLANG_WARN_SUSPICIOUS_MOVE = YES;
				CLANG_WARN_UNGUARDED_AVAILABILITY = YES_AGGRESSIVE;
				CLANG_WARN_UNREACHABLE_CODE = YES;
				CLANG_WARN__DUPLICATE_METHOD_MATCH = YES;
				COPY_PHASE_STRIP = NO;
				DEBUG_INFORMATION_FORMAT = dwarf;
				DEVELOPMENT_TEAM = 6B7GW4PUWP;
				ENABLE_STRICT_OBJC_MSGSEND = YES;
				ENABLE_TESTABILITY = YES;
				ENABLE_USER_SCRIPT_SANDBOXING = YES;
				GCC_C_LANGUAGE_STANDARD = gnu17;
				GCC_DYNAMIC_NO_PIC = NO;
				GCC_NO_COMMON_BLOCKS = YES;
				GCC_OPTIMIZATION_LEVEL = 0;
				GCC_PREPROCESSOR_DEFINITIONS = (
					"DEBUG=1",
					"$(inherited)",
				);
				GCC_WARN_64_TO_32_BIT_CONVERSION = YES;
				GCC_WARN_ABOUT_RETURN_TYPE = YES_ERROR;
				GCC_WARN_UNDECLARED_SELECTOR = YES;
				GCC_WARN_UNINITIALIZED_AUTOS = YES_AGGRESSIVE;
				GCC_WARN_UNUSED_FUNCTION = YES;
				GCC_WARN_UNUSED_VARIABLE = YES;
				IPHONEOS_DEPLOYMENT_TARGET = 14.0;
				LOCALIZATION_PREFERS_STRING_CATALOGS = YES;
				MTL_ENABLE_DEBUG_INFO = INCLUDE_SOURCE;
				MTL_FAST_MATH = YES;
				ONLY_ACTIVE_ARCH = YES;
				SDKROOT = iphoneos;
				SWIFT_ACTIVE_COMPILATION_CONDITIONS = "DEBUG $(inherited)";
				SWIFT_OPTIMIZATION_LEVEL = "-Onone";
			};
			name = Debug;
		};
		184F0AF82E9E9E3900434FFE /* Release */ = {
			isa = XCBuildConfiguration;
			buildSettings = {
				ALWAYS_SEARCH_USER_PATHS = NO;
				ASSETCATALOG_COMPILER_GENERATE_SWIFT_ASSET_SYMBOL_EXTENSIONS = YES;
				CLANG_ANALYZER_NONNULL = YES;
				CLANG_ANALYZER_NUMBER_OBJECT_CONVERSION = YES_AGGRESSIVE;
				CLANG_CXX_LANGUAGE_STANDARD = "gnu++20";
				CLANG_ENABLE_MODULES = YES;
				CLANG_ENABLE_OBJC_ARC = YES;
				CLANG_ENABLE_OBJC_WEAK = YES;
				CLANG_WARN_BLOCK_CAPTURE_AUTORELEASING = YES;
				CLANG_WARN_BOOL_CONVERSION = YES;
				CLANG_WARN_COMMA = YES;
				CLANG_WARN_CONSTANT_CONVERSION = YES;
				CLANG_WARN_DEPRECATED_OBJC_IMPLEMENTATIONS = YES;
				CLANG_WARN_DIRECT_OBJC_ISA_USAGE = YES_ERROR;
				CLANG_WARN_DOCUMENTATION_COMMENTS = YES;
				CLANG_WARN_EMPTY_BODY = YES;
				CLANG_WARN_ENUM_CONVERSION = YES;
				CLANG_WARN_INFINITE_RECURSION = YES;
				CLANG_WARN_INT_CONVERSION = YES;
				CLANG_WARN_NON_LITERAL_NULL_CONVERSION = YES;
				CLANG_WARN_OBJC_IMPLICIT_RETAIN_SELF = YES;
				CLANG_WARN_OBJC_LITERAL_CONVERSION = YES;
				CLANG_WARN_OBJC_ROOT_CLASS = YES_ERROR;
				CLANG_WARN_QUOTED_INCLUDE_IN_FRAMEWORK_HEADER = YES;
				CLANG_WARN_RANGE_LOOP_ANALYSIS = YES;
				CLANG_WARN_STRICT_PROTOTYPES = YES;
				CLANG_WARN_SUSPICIOUS_MOVE = YES;
				CLANG_WARN_UNGUARDED_AVAILABILITY = YES_AGGRESSIVE;
				CLANG_WARN_UNREACHABLE_CODE = YES;
				CLANG_WARN__DUPLICATE_METHOD_MATCH = YES;
				COPY_PHASE_STRIP = NO;
				DEBUG_INFORMATION_FORMAT = "dwarf-with-dsym";
				DEVELOPMENT_TEAM = 6B7GW4PUWP;
				ENABLE_NS_ASSERTIONS = NO;
				ENABLE_STRICT_OBJC_MSGSEND = YES;
				ENABLE_USER_SCRIPT_SANDBOXING = YES;
				GCC_C_LANGUAGE_STANDARD = gnu17;
				GCC_NO_COMMON_BLOCKS = YES;
				GCC_WARN_64_TO_32_BIT_CONVERSION = YES;
				GCC_WARN_ABOUT_RETURN_TYPE = YES_ERROR;
				GCC_WARN_UNDECLARED_SELECTOR = YES;
				GCC_WARN_UNINITIALIZED_AUTOS = YES_AGGRESSIVE;
				GCC_WARN_UNUSED_FUNCTION = YES;
				GCC_WARN_UNUSED_VARIABLE = YES;
				IPHONEOS_DEPLOYMENT_TARGET = 14.0;
				LOCALIZATION_PREFERS_STRING_CATALOGS = YES;
				MTL_ENABLE_DEBUG_INFO = NO;
				MTL_FAST_MATH = YES;
				SDKROOT = iphoneos;
				SWIFT_COMPILATION_MODE = wholemodule;
				VALIDATE_PRODUCT = YES;
			};
			name = Release;
		};
		184F0AFA2E9E9E3900434FFE /* Debug */ = {
			isa = XCBuildConfiguration;
			buildSettings = {
				BUNDLE_LOADER = "$(TEST_HOST)";
				CODE_SIGN_STYLE = Automatic;
				CURRENT_PROJECT_VERSION = 1;
				DEVELOPMENT_TEAM = 6B7GW4PUWP;
				GENERATE_INFOPLIST_FILE = YES;
				IPHONEOS_DEPLOYMENT_TARGET = 14.0;
				MARKETING_VERSION = 1.0;
				PRODUCT_BUNDLE_IDENTIFIER = com.trung.nguyenq.CachingImagesTests;
				PRODUCT_NAME = "$(TARGET_NAME)";
				STRING_CATALOG_GENERATE_SYMBOLS = NO;
				SWIFT_APPROACHABLE_CONCURRENCY = YES;
				SWIFT_EMIT_LOC_STRINGS = NO;
				SWIFT_UPCOMING_FEATURE_MEMBER_IMPORT_VISIBILITY = YES;
				SWIFT_VERSION = 5.0;
				TARGETED_DEVICE_FAMILY = "1,2";
				TEST_HOST = "$(BUILT_PRODUCTS_DIR)/CachingImages.app/$(BUNDLE_EXECUTABLE_FOLDER_PATH)/CachingImages";
			};
			name = Debug;
		};
		184F0AFB2E9E9E3900434FFE /* Release */ = {
			isa = XCBuildConfiguration;
			buildSettings = {
				BUNDLE_LOADER = "$(TEST_HOST)";
				CODE_SIGN_STYLE = Automatic;
				CURRENT_PROJECT_VERSION = 1;
				DEVELOPMENT_TEAM = 6B7GW4PUWP;
				GENERATE_INFOPLIST_FILE = YES;
				IPHONEOS_DEPLOYMENT_TARGET = 14.0;
				MARKETING_VERSION = 1.0;
				PRODUCT_BUNDLE_IDENTIFIER = com.trung.nguyenq.CachingImagesTests;
				PRODUCT_NAME = "$(TARGET_NAME)";
				STRING_CATALOG_GENERATE_SYMBOLS = NO;
				SWIFT_APPROACHABLE_CONCURRENCY = YES;
				SWIFT_EMIT_LOC_STRINGS = NO;
				SWIFT_UPCOMING_FEATURE_MEMBER_IMPORT_VISIBILITY = YES;
				SWIFT_VERSION = 5.0;
				TARGETED_DEVICE_FAMILY = "1,2";
				TEST_HOST = "$(BUILT_PRODUCTS_DIR)/CachingImages.app/$(BUNDLE_EXECUTABLE_FOLDER_PATH)/CachingImages";
			};
			name = Release;
		};
		184F0AFD2E9E9E3900434FFE /* Debug */ = {
			isa = XCBuildConfiguration;
			buildSettings = {
				CODE_SIGN_STYLE = Automatic;
				CURRENT_PROJECT_VERSION = 1;
				DEVELOPMENT_TEAM = 6B7GW4PUWP;
				GENERATE_INFOPLIST_FILE = YES;
				IPHONEOS_DEPLOYMENT_TARGET = 14.0;
				MARKETING_VERSION = 1.0;
				PRODUCT_BUNDLE_IDENTIFIER = com.trung.nguyenq.CachingImagesUITests;
				PRODUCT_NAME = "$(TARGET_NAME)";
				STRING_CATALOG_GENERATE_SYMBOLS = NO;
				SWIFT_APPROACHABLE_CONCURRENCY = YES;
				SWIFT_EMIT_LOC_STRINGS = NO;
				SWIFT_UPCOMING_FEATURE_MEMBER_IMPORT_VISIBILITY = YES;
				SWIFT_VERSION = 5.0;
				TARGETED_DEVICE_FAMILY = "1,2";
				TEST_TARGET_NAME = CachingImages;
			};
			name = Debug;
		};
		184F0AFE2E9E9E3900434FFE /* Release */ = {
			isa = XCBuildConfiguration;
			buildSettings = {
				CODE_SIGN_STYLE = Automatic;
				CURRENT_PROJECT_VERSION = 1;
				DEVELOPMENT_TEAM = 6B7GW4PUWP;
				GENERATE_INFOPLIST_FILE = YES;
				IPHONEOS_DEPLOYMENT_TARGET = 14.0;
				MARKETING_VERSION = 1.0;
				PRODUCT_BUNDLE_IDENTIFIER = com.trung.nguyenq.CachingImagesUITests;
				PRODUCT_NAME = "$(TARGET_NAME)";
				STRING_CATALOG_GENERATE_SYMBOLS = NO;
				SWIFT_APPROACHABLE_CONCURRENCY = YES;
				SWIFT_EMIT_LOC_STRINGS = NO;
				SWIFT_UPCOMING_FEATURE_MEMBER_IMPORT_VISIBILITY = YES;
				SWIFT_VERSION = 5.0;
				TARGETED_DEVICE_FAMILY = "1,2";
				TEST_TARGET_NAME = CachingImages;
			};
			name = Release;
		};
/* End XCBuildConfiguration section */

/* Begin XCConfigurationList section */
		184F0AC62E9E9E3700434FFE /* Build configuration list for PBXProject "CachingImages" */ = {
			isa = XCConfigurationList;
			buildConfigurations = (
				184F0AF72E9E9E3900434FFE /* Debug */,
				184F0AF82E9E9E3900434FFE /* Release */,
			);
			defaultConfigurationIsVisible = 0;
			defaultConfigurationName = Release;
		};
		184F0AF42E9E9E3900434FFE /* Build configuration list for PBXNativeTarget "CachingImages" */ = {
			isa = XCConfigurationList;
			buildConfigurations = (
				184F0AF52E9E9E3900434FFE /* Debug */,
				184F0AF62E9E9E3900434FFE /* Release */,
			);
			defaultConfigurationIsVisible = 0;
			defaultConfigurationName = Release;
		};
		184F0AF92E9E9E3900434FFE /* Build configuration list for PBXNativeTarget "CachingImagesTests" */ = {
			isa = XCConfigurationList;
			buildConfigurations = (
				184F0AFA2E9E9E3900434FFE /* Debug */,
				184F0AFB2E9E9E3900434FFE /* Release */,
			);
			defaultConfigurationIsVisible = 0;
			defaultConfigurationName = Release;
		};
		184F0AFC2E9E9E3900434FFE /* Build configuration list for PBXNativeTarget "CachingImagesUITests" */ = {
			isa = XCConfigurationList;
			buildConfigurations = (
				184F0AFD2E9E9E3900434FFE /* Debug */,
				184F0AFE2E9E9E3900434FFE /* Release */,
			);
			defaultConfigurationIsVisible = 0;
			defaultConfigurationName = Release;
		};
/* End XCConfigurationList section */
	};
	rootObject = 184F0AC32E9E9E3700434FFE /* Project object */;
}
